
Microsoft Visual Studio Solution File, Format Version 12.00
# Visual Studio Version 17
VisualStudioVersion = 17.8.34309.116
MinimumVisualStudioVersion = 10.0.40219.1
Project("{FAE04EC0-301F-11D3-BF4B-00C04F79EFBC}") = "LearningMvcApp", "LearningMvcApp.csproj", "{B6AE90C3-01F1-40DB-851B-04A50F74C97E}"
EndProject
Global
	GlobalSection(SolutionConfigurationPlatforms) = preSolution
		Debug|Any CPU = Debug|Any CPU
		Release|Any CPU = Release|Any CPU
	EndGlobalSection
	GlobalSection(ProjectConfigurationPlatforms) = postSolution
		{B6AE90C3-01F1-40DB-851B-04A50F74C97E}.Debug|Any CPU.ActiveCfg = Debug|Any CPU
		{B6AE90C3-01F1-40DB-851B-04A50F74C97E}.Debug|Any CPU.Build.0 = Debug|Any CPU
		{B6AE90C3-01F1-40DB-851B-04A50F74C97E}.Release|Any CPU.ActiveCfg = Release|Any CPU
		{B6AE90C3-01F1-40DB-851B-04A50F74C97E}.Release|Any CPU.Build.0 = Release|Any CPU
	EndGlobalSection
	GlobalSection(SolutionProperties) = preSolution
		HideSolutionNode = FALSE
	EndGlobalSection
	GlobalSection(ExtensibilityGlobals) = postSolution
		SolutionGuid = {ECB42D8D-1442-4DB0-9D8A-E7C57AA068A2}
	EndGlobalSection
EndGlobal
